// !$*UTF8*$!
{
	archiveVersion = 1;
	classes = {
	};
	objectVersion = 46;
	objects = {

/* Begin PBXBuildFile section */
		3BCFB0AB1B141B52001856C4 /* main.m in Sources */ = {isa = PBXBuildFile; fileRef = 3BCFB0AA1B141B52001856C4 /* main.m */; };
		3BCFB0AE1B141B52001856C4 /* AppDelegate.m in Sources */ = {isa = PBXBuildFile; fileRef = 3BCFB0AD1B141B52001856C4 /* AppDelegate.m */; };
		3BCFB0B11B141B52001856C4 /* ViewController.m in Sources */ = {isa = PBXBuildFile; fileRef = 3BCFB0B01B141B52001856C4 /* ViewController.m */; };
		3BCFB0B41B141B52001856C4 /* Main.storyboard in Resources */ = {isa = PBXBuildFile; fileRef = 3BCFB0B21B141B52001856C4 /* Main.storyboard */; };
		3BCFB0B61B141B52001856C4 /* Images.xcassets in Resources */ = {isa = PBXBuildFile; fileRef = 3BCFB0B51B141B52001856C4 /* Images.xcassets */; };
		3BCFB0B91B141B52001856C4 /* LaunchScreen.xib in Resources */ = {isa = PBXBuildFile; fileRef = 3BCFB0B71B141B52001856C4 /* LaunchScreen.xib */; };
		3BCFB0C51B141B52001856C4 /* demosTests.m in Sources */ = {isa = PBXBuildFile; fileRef = 3BCFB0C41B141B52001856C4 /* demosTests.m */; };
		3BCFB0D41B1447F9001856C4 /* EarnMoneyView.m in Sources */ = {isa = PBXBuildFile; fileRef = 3BCFB0D31B1447F9001856C4 /* EarnMoneyView.m */; };
		752ED6BC1B14A742009DDA99 /* EarnMoneyTableViewCell.m in Sources */ = {isa = PBXBuildFile; fileRef = 752ED6BB1B14A742009DDA99 /* EarnMoneyTableViewCell.m */; };
/* End PBXBuildFile section */

/* Begin PBXContainerItemProxy section */
		3BCFB0BF1B141B52001856C4 /* PBXContainerItemProxy */ = {
			isa = PBXContainerItemProxy;
			containerPortal = 3BCFB09D1B141B52001856C4 /* Project object */;
			proxyType = 1;
			remoteGlobalIDString = 3BCFB0A41B141B52001856C4;
			remoteInfo = demos;
		};
/* End PBXContainerItemProxy section */

/* Begin PBXFileReference section */
		3BCFB0A51B141B52001856C4 /* demos.app */ = {isa = PBXFileReference; explicitFileType = wrapper.application; includeInIndex = 0; path = demos.app; sourceTree = BUILT_PRODUCTS_DIR; };
		3BCFB0A91B141B52001856C4 /* Info.plist */ = {isa = PBXFileReference; lastKnownFileType = text.plist.xml; path = Info.plist; sourceTree = "<group>"; };
		3BCFB0AA1B141B52001856C4 /* main.m */ = {isa = PBXFileReference; lastKnownFileType = sourcecode.c.objc; path = main.m; sourceTree = "<group>"; };
		3BCFB0AC1B141B52001856C4 /* AppDelegate.h */ = {isa = PBXFileReference; lastKnownFileType = sourcecode.c.h; path = AppDelegate.h; sourceTree = "<group>"; };
		3BCFB0AD1B141B52001856C4 /* AppDelegate.m */ = {isa = PBXFileReference; lastKnownFileType = sourcecode.c.objc; path = AppDelegate.m; sourceTree = "<group>"; };
		3BCFB0AF1B141B52001856C4 /* ViewController.h */ = {isa = PBXFileReference; lastKnownFileType = sourcecode.c.h; path = ViewController.h; sourceTree = "<group>"; };
		3BCFB0B01B141B52001856C4 /* ViewController.m */ = {isa = PBXFileReference; lastKnownFileType = sourcecode.c.objc; path = ViewController.m; sourceTree = "<group>"; };
		3BCFB0B31B141B52001856C4 /* Base */ = {isa = PBXFileReference; lastKnownFileType = file.storyboard; name = Base; path = Base.lproj/Main.storyboard; sourceTree = "<group>"; };
		3BCFB0B51B141B52001856C4 /* Images.xcassets */ = {isa = PBXFileReference; lastKnownFileType = folder.assetcatalog; path = Images.xcassets; sourceTree = "<group>"; };
		3BCFB0B81B141B52001856C4 /* Base */ = {isa = PBXFileReference; lastKnownFileType = file.xib; name = Base; path = Base.lproj/LaunchScreen.xib; sourceTree = "<group>"; };
		3BCFB0BE1B141B52001856C4 /* demosTests.xctest */ = {isa = PBXFileReference; explicitFileType = wrapper.cfbundle; includeInIndex = 0; path = demosTests.xctest; sourceTree = BUILT_PRODUCTS_DIR; };
		3BCFB0C31B141B52001856C4 /* Info.plist */ = {isa = PBXFileReference; lastKnownFileType = text.plist.xml; path = Info.plist; sourceTree = "<group>"; };
		3BCFB0C41B141B52001856C4 /* demosTests.m */ = {isa = PBXFileReference; lastKnownFileType = sourcecode.c.objc; path = demosTests.m; sourceTree = "<group>"; };
		3BCFB0D11B141B6B001856C4 /* Header.h */ = {isa = PBXFileReference; lastKnownFileType = sourcecode.c.h; path = Header.h; sourceTree = "<group>"; };
		3BCFB0D21B1447F9001856C4 /* EarnMoneyView.h */ = {isa = PBXFileReference; fileEncoding = 4; lastKnownFileType = sourcecode.c.h; path = EarnMoneyView.h; sourceTree = "<group>"; };
		3BCFB0D31B1447F9001856C4 /* EarnMoneyView.m */ = {isa = PBXFileReference; fileEncoding = 4; lastKnownFileType = sourcecode.c.objc; path = EarnMoneyView.m; sourceTree = "<group>"; };
		752ED6BA1B14A742009DDA99 /* EarnMoneyTableViewCell.h */ = {isa = PBXFileReference; fileEncoding = 4; lastKnownFileType = sourcecode.c.h; path = EarnMoneyTableViewCell.h; sourceTree = "<group>"; };
		752ED6BB1B14A742009DDA99 /* EarnMoneyTableViewCell.m */ = {isa = PBXFileReference; fileEncoding = 4; lastKnownFileType = sourcecode.c.objc; path = EarnMoneyTableViewCell.m; sourceTree = "<group>"; };
/* End PBXFileReference section */

/* Begin PBXFrameworksBuildPhase section */
		3BCFB0A21B141B52001856C4 /* Frameworks */ = {
			isa = PBXFrameworksBuildPhase;
			buildActionMask = 2147483647;
			files = (
			);
			runOnlyForDeploymentPostprocessing = 0;
		};
		3BCFB0BB1B141B52001856C4 /* Frameworks */ = {
			isa = PBXFrameworksBuildPhase;
			buildActionMask = 2147483647;
			files = (
			);
			runOnlyForDeploymentPostprocessing = 0;
		};
/* End PBXFrameworksBuildPhase section */

/* Begin PBXGroup section */
		3BCFB09C1B141B52001856C4 = {
			isa = PBXGroup;
			children = (
				3BCFB0A71B141B52001856C4 /* demos */,
				3BCFB0C11B141B52001856C4 /* demosTests */,
				3BCFB0A61B141B52001856C4 /* Products */,
			);
			sourceTree = "<group>";
		};
		3BCFB0A61B141B52001856C4 /* Products */ = {
			isa = PBXGroup;
			children = (
				3BCFB0A51B141B52001856C4 /* demos.app */,
				3BCFB0BE1B141B52001856C4 /* demosTests.xctest */,
			);
			name = Products;
			sourceTree = "<group>";
		};
		3BCFB0A71B141B52001856C4 /* demos */ = {
			isa = PBXGroup;
			children = (
				3BCFB0AC1B141B52001856C4 /* AppDelegate.h */,
				3BCFB0AD1B141B52001856C4 /* AppDelegate.m */,
				3BCFB0AF1B141B52001856C4 /* ViewController.h */,
				3BCFB0B01B141B52001856C4 /* ViewController.m */,
				752ED6BA1B14A742009DDA99 /* EarnMoneyTableViewCell.h */,
				752ED6BB1B14A742009DDA99 /* EarnMoneyTableViewCell.m */,
				3BCFB0D21B1447F9001856C4 /* EarnMoneyView.h */,
				3BCFB0D31B1447F9001856C4 /* EarnMoneyView.m */,
				3BCFB0D11B141B6B001856C4 /* Header.h */,
				3BCFB0B21B141B52001856C4 /* Main.storyboard */,
				3BCFB0B51B141B52001856C4 /* Images.xcassets */,
				3BCFB0B71B141B52001856C4 /* LaunchScreen.xib */,
				3BCFB0A81B141B52001856C4 /* Supporting Files */,
			);
			path = demos;
			sourceTree = "<group>";
		};
		3BCFB0A81B141B52001856C4 /* Supporting Files */ = {
			isa = PBXGroup;
			children = (
				3BCFB0A91B141B52001856C4 /* Info.plist */,
				3BCFB0AA1B141B52001856C4 /* main.m */,
			);
			name = "Supporting Files";
			sourceTree = "<group>";
		};
		3BCFB0C11B141B52001856C4 /* demosTests */ = {
			isa = PBXGroup;
			children = (
				3BCFB0C41B141B52001856C4 /* demosTests.m */,
				3BCFB0C21B141B52001856C4 /* Supporting Files */,
			);
			path = demosTests;
			sourceTree = "<group>";
		};
		3BCFB0C21B141B52001856C4 /* Supporting Files */ = {
			isa = PBXGroup;
			children = (
				3BCFB0C31B141B52001856C4 /* Info.plist */,
			);
			name = "Supporting Files";
			sourceTree = "<group>";
		};
/* End PBXGroup section */

/* Begin PBXNativeTarget section */
		3BCFB0A41B141B52001856C4 /* demos */ = {
			isa = PBXNativeTarget;
			buildConfigurationList = 3BCFB0C81B141B52001856C4 /* Build configuration list for PBXNativeTarget "demos" */;
			buildPhases = (
				3BCFB0A11B141B52001856C4 /* Sources */,
				3BCFB0A21B141B52001856C4 /* Frameworks */,
				3BCFB0A31B141B52001856C4 /* Resources */,
			);
			buildRules = (
			);
			dependencies = (
			);
			name = demos;
			productName = demos;
			productReference = 3BCFB0A51B141B52001856C4 /* demos.app */;
			productType = "com.apple.product-type.application";
		};
		3BCFB0BD1B141B52001856C4 /* demosTests */ = {
			isa = PBXNativeTarget;
			buildConfigurationList = 3BCFB0CB1B141B52001856C4 /* Build configuration list for PBXNativeTarget "demosTests" */;
			buildPhases = (
				3BCFB0BA1B141B52001856C4 /* Sources */,
				3BCFB0BB1B141B52001856C4 /* Frameworks */,
				3BCFB0BC1B141B52001856C4 /* Resources */,
			);
			buildRules = (
			);
			dependencies = (
				3BCFB0C01B141B52001856C4 /* PBXTargetDependency */,
			);
			name = demosTests;
			productName = demosTests;
			productReference = 3BCFB0BE1B141B52001856C4 /* demosTests.xctest */;
			productType = "com.apple.product-type.bundle.unit-test";
		};
/* End PBXNativeTarget section */

/* Begin PBXProject section */
		3BCFB09D1B141B52001856C4 /* Project object */ = {
			isa = PBXProject;
			attributes = {
				LastUpgradeCheck = 0630;
				ORGANIZATIONNAME = zhaopeng;
				TargetAttributes = {
					3BCFB0A41B141B52001856C4 = {
						CreatedOnToolsVersion = 6.3.1;
					};
					3BCFB0BD1B141B52001856C4 = {
						CreatedOnToolsVersion = 6.3.1;
						TestTargetID = 3BCFB0A41B141B52001856C4;
					};
				};
			};
			buildConfigurationList = 3BCFB0A01B141B52001856C4 /* Build configuration list for PBXProject "demos" */;
			compatibilityVersion = "Xcode 3.2";
			developmentRegion = English;
			hasScannedForEncodings = 0;
			knownRegions = (
				en,
				Base,
			);
			mainGroup = 3BCFB09C1B141B52001856C4;
			productRefGroup = 3BCFB0A61B141B52001856C4 /* Products */;
			projectDirPath = "";
			projectRoot = "";
			targets = (
				3BCFB0A41B141B52001856C4 /* demos */,
				3BCFB0BD1B141B52001856C4 /* demosTests */,
			);
		};
/* End PBXProject section */

/* Begin PBXResourcesBuildPhase section */
		3BCFB0A31B141B52001856C4 /* Resources */ = {
			isa = PBXResourcesBuildPhase;
			buildActionMask = 2147483647;
			files = (
				3BCFB0B41B141B52001856C4 /* Main.storyboard in Resources */,
				3BCFB0B91B141B52001856C4 /* LaunchScreen.xib in Resources */,
				3BCFB0B61B141B52001856C4 /* Images.xcassets in Resources */,
			);
			runOnlyForDeploymentPostprocessing = 0;
		};
		3BCFB0BC1B141B52001856C4 /* Resources */ = {
			isa = PBXResourcesBuildPhase;
			buildActionMask = 2147483647;
			files = (
			);
			runOnlyForDeploymentPostprocessing = 0;
		};
/* End PBXResourcesBuildPhase section */

/* Begin PBXSourcesBuildPhase section */
		3BCFB0A11B141B52001856C4 /* Sources */ = {
			isa = PBXSourcesBuildPhase;
			buildActionMask = 2147483647;
			files = (
				3BCFB0B11B141B52001856C4 /* ViewController.m in Sources */,
				3BCFB0D41B1447F9001856C4 /* EarnMoneyView.m in Sources */,
				3BCFB0AE1B141B52001856C4 /* AppDelegate.m in Sources */,
				752ED6BC1B14A742009DDA99 /* EarnMoneyTableViewCell.m in Sources */,
				3BCFB0AB1B141B52001856C4 /* main.m in Sources */,
			);
			runOnlyForDeploymentPostprocessing = 0;
		};
		3BCFB0BA1B141B52001856C4 /* Sources */ = {
			isa = PBXSourcesBuildPhase;
			buildActionMask = 2147483647;
			files = (
				3BCFB0C51B141B52001856C4 /* demosTests.m in Sources */,
			);
			runOnlyForDeploymentPostprocessing = 0;
		};
/* End PBXSourcesBuildPhase section */

/* Begin PBXTargetDependency section */
		3BCFB0C01B141B52001856C4 /* PBXTargetDependency */ = {
			isa = PBXTargetDependency;
			target = 3BCFB0A41B141B52001856C4 /* demos */;
			targetProxy = 3BCFB0BF1B141B52001856C4 /* PBXContainerItemProxy */;
		};
/* End PBXTargetDependency section */

/* Begin PBXVariantGroup section */
		3BCFB0B21B141B52001856C4 /* Main.storyboard */ = {
			isa = PBXVariantGroup;
			children = (
				3BCFB0B31B141B52001856C4 /* Base */,
			);
			name = Main.storyboard;
			sourceTree = "<group>";
		};
		3BCFB0B71B141B52001856C4 /* LaunchScreen.xib */ = {
			isa = PBXVariantGroup;
			children = (
				3BCFB0B81B141B52001856C4 /* Base */,
			);
			name = LaunchScreen.xib;
			sourceTree = "<group>";
		};
/* End PBXVariantGroup section */

/* Begin XCBuildConfiguration section */
		3BCFB0C61B141B52001856C4 /* Debug */ = {
			isa = XCBuildConfiguration;
			buildSettings = {
				ALWAYS_SEARCH_USER_PATHS = NO;
				CLANG_CXX_LANGUAGE_STANDARD = "gnu++0x";
				CLANG_CXX_LIBRARY = "libc++";
				CLANG_ENABLE_MODULES = YES;
				CLANG_ENABLE_OBJC_ARC = YES;
				CLANG_WARN_BOOL_CONVERSION = YES;
				CLANG_WARN_CONSTANT_CONVERSION = YES;
				CLANG_WARN_DIRECT_OBJC_ISA_USAGE = YES_ERROR;
				CLANG_WARN_EMPTY_BODY = YES;
				CLANG_WARN_ENUM_CONVERSION = YES;
				CLANG_WARN_INT_CONVERSION = YES;
				CLANG_WARN_OBJC_ROOT_CLASS = YES_ERROR;
				CLANG_WARN_UNREACHABLE_CODE = YES;
				CLANG_WARN__DUPLICATE_METHOD_MATCH = YES;
				"CODE_SIGN_IDENTITY[sdk=iphoneos*]" = "iPhone Developer";
				COPY_PHASE_STRIP = NO;
				DEBUG_INFORMATION_FORMAT = "dwarf-with-dsym";
				ENABLE_STRICT_OBJC_MSGSEND = YES;
				GCC_C_LANGUAGE_STANDARD = gnu99;
				GCC_DYNAMIC_NO_PIC = NO;
				GCC_NO_COMMON_BLOCKS = YES;
				GCC_OPTIMIZATION_LEVEL = 0;
				GCC_PREPROCESSOR_DEFINITIONS = (
					"DEBUG=1",
					"$(inherited)",
				);
				GCC_SYMBOLS_PRIVATE_EXTERN = NO;
				GCC_WARN_64_TO_32_BIT_CONVERSION = YES;
				GCC_WARN_ABOUT_RETURN_TYPE = YES_ERROR;
				GCC_WARN_UNDECLARED_SELECTOR = YES;
				GCC_WARN_UNINITIALIZED_AUTOS = YES_AGGRESSIVE;
				GCC_WARN_UNUSED_FUNCTION = YES;
				GCC_WARN_UNUSED_VARIABLE = YES;
				IPHONEOS_DEPLOYMENT_TARGET = 8.3;
				MTL_ENABLE_DEBUG_INFO = YES;
				ONLY_ACTIVE_ARCH = YES;
				SDKROOT = iphoneos;
				TARGETED_DEVICE_FAMILY = "1,2";
			};
			name = Debug;
		};
		3BCFB0C71B141B52001856C4 /* Release */ = {
			isa = XCBuildConfiguration;
			buildSettings = {
				ALWAYS_SEARCH_USER_PATHS = NO;
				CLANG_CXX_LANGUAGE_STANDARD = "gnu++0x";
				CLANG_CXX_LIBRARY = "libc++";
				CLANG_ENABLE_MODULES = YES;
				CLANG_ENABLE_OBJC_ARC = YES;
				CLANG_WARN_BOOL_CONVERSION = YES;
				CLANG_WARN_CONSTANT_CONVERSION = YES;
				CLANG_WARN_DIRECT_OBJC_ISA_USAGE = YES_ERROR;
				CLANG_WARN_EMPTY_BODY = YES;
				CLANG_WARN_ENUM_CONVERSION = YES;
				CLANG_WARN_INT_CONVERSION = YES;
				CLANG_WARN_OBJC_ROOT_CLASS = YES_ERROR;
				CLANG_WARN_UNREACHABLE_CODE = YES;
				CLANG_WARN__DUPLICATE_METHOD_MATCH = YES;
				"CODE_SIGN_IDENTITY[sdk=iphoneos*]" = "iPhone Developer";
				COPY_PHASE_STRIP = NO;
				DEBUG_INFORMATION_FORMAT = "dwarf-with-dsym";
				ENABLE_NS_ASSERTIONS = NO;
				ENABLE_STRICT_OBJC_MSGSEND = YES;
				GCC_C_LANGUAGE_STANDARD = gnu99;
				GCC_NO_COMMON_BLOCKS = YES;
				GCC_WARN_64_TO_32_BIT_CONVERSION = YES;
				GCC_WARN_ABOUT_RETURN_TYPE = YES_ERROR;
				GCC_WARN_UNDECLARED_SELECTOR = YES;
				GCC_WARN_UNINITIALIZED_AUTOS = YES_AGGRESSIVE;
				GCC_WARN_UNUSED_FUNCTION = YES;
				GCC_WARN_UNUSED_VARIABLE = YES;
				IPHONEOS_DEPLOYMENT_TARGET = 8.3;
				MTL_ENABLE_DEBUG_INFO = NO;
				SDKROOT = iphoneos;
				TARGETED_DEVICE_FAMILY = "1,2";
				VALIDATE_PRODUCT = YES;
			};
			name = Release;
		};
		3BCFB0C91B141B52001856C4 /* Debug */ = {
			isa = XCBuildConfiguration;
			buildSettings = {
				ASSETCATALOG_COMPILER_APPICON_NAME = AppIcon;
				INFOPLIST_FILE = demos/Info.plist;
				IPHONEOS_DEPLOYMENT_TARGET = 7.0;
				LD_RUNPATH_SEARCH_PATHS = "$(inherited) @executable_path/Frameworks";
				PRODUCT_NAME = "$(TARGET_NAME)";
			};
			name = Debug;
		};
		3BCFB0CA1B141B52001856C4 /* Release */ = {
			isa = XCBuildConfiguration;
			buildSettings = {
				ASSETCATALOG_COMPILER_APPICON_NAME = AppIcon;
				INFOPLIST_FILE = demos/Info.plist;
				IPHONEOS_DEPLOYMENT_TARGET = 7.0;
				LD_RUNPATH_SEARCH_PATHS = "$(inherited) @executable_path/Frameworks";
				PRODUCT_NAME = "$(TARGET_NAME)";
			};
			name = Release;
		};
		3BCFB0CC1B141B52001856C4 /* Debug */ = {
			isa = XCBuildConfiguration;
			buildSettings = {
				BUNDLE_LOADER = "$(TEST_HOST)";
				FRAMEWORK_SEARCH_PATHS = (
					"$(SDKROOT)/Developer/Library/Frameworks",
					"$(inherited)",
				);
				GCC_PREPROCESSOR_DEFINITIONS = (
					"DEBUG=1",
					"$(inherited)",
				);
				INFOPLIST_FILE = demosTests/Info.plist;
				LD_RUNPATH_SEARCH_PATHS = "$(inherited) @executable_path/Frameworks @loader_path/Frameworks";
				PRODUCT_NAME = "$(TARGET_NAME)";
				TEST_HOST = "$(BUILT_PRODUCTS_DIR)/demos.app/demos";
			};
			name = Debug;
		};
		3BCFB0CD1B141B52001856C4 /* Release */ = {
			isa = XCBuildConfiguration;
			buildSettings = {
				BUNDLE_LOADER = "$(TEST_HOST)";
				FRAMEWORK_SEARCH_PATHS = (
					"$(SDKROOT)/Developer/Library/Frameworks",
					"$(inherited)",
				);
				INFOPLIST_FILE = demosTests/Info.plist;
				LD_RUNPATH_SEARCH_PATHS = "$(inherited) @executable_path/Frameworks @loader_path/Frameworks";
				PRODUCT_NAME = "$(TARGET_NAME)";
				TEST_HOST = "$(BUILT_PRODUCTS_DIR)/demos.app/demos";
			};
			name = Release;
		};
/* End XCBuildConfiguration section */

/* Begin XCConfigurationList section */
		3BCFB0A01B141B52001856C4 /* Build configuration list for PBXProject "demos" */ = {
			isa = XCConfigurationList;
			buildConfigurations = (
				3BCFB0C61B141B52001856C4 /* Debug */,
				3BCFB0C71B141B52001856C4 /* Release */,
			);
			defaultConfigurationIsVisible = 0;
			defaultConfigurationName = Release;
		};
		3BCFB0C81B141B52001856C4 /* Build configuration list for PBXNativeTarget "demos" */ = {
			isa = XCConfigurationList;
			buildConfigurations = (
				3BCFB0C91B141B52001856C4 /* Debug */,
				3BCFB0CA1B141B52001856C4 /* Release */,
			);
			defaultConfigurationIsVisible = 0;
			defaultConfigurationName = Release;
		};
		3BCFB0CB1B141B52001856C4 /* Build configuration list for PBXNativeTarget "demosTests" */ = {
			isa = XCConfigurationList;
			buildConfigurations = (
				3BCFB0CC1B141B52001856C4 /* Debug */,
				3BCFB0CD1B141B52001856C4 /* Release */,
			);
			defaultConfigurationIsVisible = 0;
			defaultConfigurationName = Release;
		};
/* End XCConfigurationList section */
	};
	rootObject = 3BCFB09D1B141B52001856C4 /* Project object */;
}
